{
  "originHash" : "12e90220023be452ef217973217d714c8857a9a6d07788690e52ebd61f8e23b3",
  "pins" : [
    {
      "identity" : "networkingservice",
      "kind" : "remoteSourceControl",
      "location" : "https://github.com/hishd/NetworkingService",
      "state" : {
        "revision" : "0681b4154508f66e4527e19ec37940f4e1b47e57",
        "version" : "1.0.6"
      }
    }
  ],
  "version" : 3
}
