// !$*UTF8*$!
{
	archiveVersion = 1;
	classes = {
	};
	objectVersion = 77;
	objects = {

/* Begin PBXBuildFile section */
		FD0841A32CD7202D00604BF3 /* Color+Extensions.swift in Sources */ = {isa = PBXBuildFile; fileRef = FD0841A22CD7202D00604BF3 /* Color+Extensions.swift */; };
		FD0841AB2CD7307900604BF3 /* Montserrat-Light.ttf in Resources */ = {isa = PBXBuildFile; fileRef = FD0841A72CD7307900604BF3 /* Montserrat-Light.ttf */; };
		FD0841AC2CD7307900604BF3 /* Montserrat-Black.ttf in Resources */ = {isa = PBXBuildFile; fileRef = FD0841A52CD7307900604BF3 /* Montserrat-Black.ttf */; };
		FD0841AD2CD7307900604BF3 /* Montserrat-Bold.ttf in Resources */ = {isa = PBXBuildFile; fileRef = FD0841A62CD7307900604BF3 /* Montserrat-Bold.ttf */; };
		FD0841AE2CD7307900604BF3 /* Montserrat-Medium.ttf in Resources */ = {isa = PBXBuildFile; fileRef = FD0841A82CD7307900604BF3 /* Montserrat-Medium.ttf */; };
		FD0841AF2CD7307900604BF3 /* Montserrat-Regular.ttf in Resources */ = {isa = PBXBuildFile; fileRef = FD0841A92CD7307900604BF3 /* Montserrat-Regular.ttf */; };
		FD0841B02CD7307900604BF3 /* Montserrat-SemiBold.ttf in Resources */ = {isa = PBXBuildFile; fileRef = FD0841AA2CD7307900604BF3 /* Montserrat-SemiBold.ttf */; };
		FD0841B32CD732A400604BF3 /* Font+Extensions.swift in Sources */ = {isa = PBXBuildFile; fileRef = FD0841B22CD732A400604BF3 /* Font+Extensions.swift */; };
		FD0841B62CD743CD00604BF3 /* GlassModifier.swift in Sources */ = {isa = PBXBuildFile; fileRef = FD0841B52CD743CD00604BF3 /* GlassModifier.swift */; };
		FD0841B92CD7483A00604BF3 /* HourlyWeatherView.swift in Sources */ = {isa = PBXBuildFile; fileRef = FD0841B82CD7483A00604BF3 /* HourlyWeatherView.swift */; };
		FD0C62162CE8FF9300BD20EB /* sun_moon.json in Resources */ = {isa = PBXBuildFile; fileRef = FD0C62152CE8FF9300BD20EB /* sun_moon.json */; };
		FD126D182CE76A7300B3654A /* WeatherMessagePopup.swift in Sources */ = {isa = PBXBuildFile; fileRef = FD126D172CE76A7300B3654A /* WeatherMessagePopup.swift */; };
		FD1DF3122CEF91D10031B319 /* HouseView.swift in Sources */ = {isa = PBXBuildFile; fileRef = FD1DF3112CEF91C90031B319 /* HouseView.swift */; };
		FD32A9F12CB4484D002B8706 /* Preview Assets.xcassets in Resources */ = {isa = PBXBuildFile; fileRef = FD32A9EB2CB4484D002B8706 /* Preview Assets.xcassets */; };
		FD32A9F22CB4484D002B8706 /* Assets.xcassets in Resources */ = {isa = PBXBuildFile; fileRef = FD32A9ED2CB4484D002B8706 /* Assets.xcassets */; };
		FD32A9F32CB4484D002B8706 /* WeatherView.swift in Sources */ = {isa = PBXBuildFile; fileRef = FD32A9EE2CB4484D002B8706 /* WeatherView.swift */; };
		FD32A9F42CB4484D002B8706 /* SkyWizard_SwiftUIApp.swift in Sources */ = {isa = PBXBuildFile; fileRef = FD32A9EF2CB4484D002B8706 /* SkyWizard_SwiftUIApp.swift */; };
		FD3558E02CE52BF600E57013 /* LocationService+Dependencies.swift in Sources */ = {isa = PBXBuildFile; fileRef = FD3558DF2CE52BF600E57013 /* LocationService+Dependencies.swift */; };
		FD73C1B02CD89EE4004DA8A7 /* DailyWeatherView.swift in Sources */ = {isa = PBXBuildFile; fileRef = FD73C1AF2CD89EE4004DA8A7 /* DailyWeatherView.swift */; };
		FD8574672CD9C572003D9D29 /* Lottie in Frameworks */ = {isa = PBXBuildFile; productRef = FD8574662CD9C572003D9D29 /* Lottie */; };
		FD8574702CD9C690003D9D29 /* snow.json in Resources */ = {isa = PBXBuildFile; fileRef = FD85746E2CD9C690003D9D29 /* snow.json */; };
		FD8574712CD9C690003D9D29 /* rainy.json in Resources */ = {isa = PBXBuildFile; fileRef = FD85746D2CD9C690003D9D29 /* rainy.json */; };
		FD8574722CD9C690003D9D29 /* night_rainy.json in Resources */ = {isa = PBXBuildFile; fileRef = FD85746C2CD9C690003D9D29 /* night_rainy.json */; };
		FD8574732CD9C690003D9D29 /* cloudy.json in Resources */ = {isa = PBXBuildFile; fileRef = FD8574692CD9C690003D9D29 /* cloudy.json */; };
		FD8574742CD9C690003D9D29 /* cloudy_sun.json in Resources */ = {isa = PBXBuildFile; fileRef = FD85746A2CD9C690003D9D29 /* cloudy_sun.json */; };
		FD8574752CD9C690003D9D29 /* sunny.json in Resources */ = {isa = PBXBuildFile; fileRef = FD85746F2CD9C690003D9D29 /* sunny.json */; };
		FD8574762CD9C690003D9D29 /* night.json in Resources */ = {isa = PBXBuildFile; fileRef = FD85746B2CD9C690003D9D29 /* night.json */; };
		FD8574782CD9CE2D003D9D29 /* StatePreviewWrapper.swift in Sources */ = {isa = PBXBuildFile; fileRef = FD8574772CD9CE2D003D9D29 /* StatePreviewWrapper.swift */; };
		FD8574802CD9CEF9003D9D29 /* DailyWeatherItem.swift in Sources */ = {isa = PBXBuildFile; fileRef = FD85747F2CD9CEF9003D9D29 /* DailyWeatherItem.swift */; };
		FD8574832CD9CF6A003D9D29 /* HourlyWeatherItem.swift in Sources */ = {isa = PBXBuildFile; fileRef = FD8574822CD9CF6A003D9D29 /* HourlyWeatherItem.swift */; };
		FD8574882CD9D040003D9D29 /* SubTemperatureView.swift in Sources */ = {isa = PBXBuildFile; fileRef = FD8574872CD9D040003D9D29 /* SubTemperatureView.swift */; };
		FD949A402CDC8C3B00F8CF48 /* WeatherService+Dependencies.swift in Sources */ = {isa = PBXBuildFile; fileRef = FD949A3F2CDC8C3B00F8CF48 /* WeatherService+Dependencies.swift */; };
		FD949A422CDC8DD800F8CF48 /* Application.swift in Sources */ = {isa = PBXBuildFile; fileRef = FD949A412CDC8DD800F8CF48 /* Application.swift */; };
		FD949A5C2CDC935E00F8CF48 /* WeatherServiceTests.swift in Sources */ = {isa = PBXBuildFile; fileRef = FD949A5B2CDC935E00F8CF48 /* WeatherServiceTests.swift */; };
		FD949A692CDCA44300F8CF48 /* GeocodingService+Dependencies.swift in Sources */ = {isa = PBXBuildFile; fileRef = FD949A682CDCA44300F8CF48 /* GeocodingService+Dependencies.swift */; };
		FD949A6B2CDCA54500F8CF48 /* GeocodingServiceTests.swift in Sources */ = {isa = PBXBuildFile; fileRef = FD949A6A2CDCA54500F8CF48 /* GeocodingServiceTests.swift */; };
		FD949A712CDD4E0F00F8CF48 /* DataTransferService+Dependencies.swift in Sources */ = {isa = PBXBuildFile; fileRef = FD949A702CDD4E0F00F8CF48 /* DataTransferService+Dependencies.swift */; };
		FD949A742CDD614300F8CF48 /* WeatherDataStore.swift in Sources */ = {isa = PBXBuildFile; fileRef = FD949A732CDD614300F8CF48 /* WeatherDataStore.swift */; };
		FD949A762CDD66D000F8CF48 /* View+Extensions.swift in Sources */ = {isa = PBXBuildFile; fileRef = FD949A752CDD66D000F8CF48 /* View+Extensions.swift */; };
		FD949A782CDD670E00F8CF48 /* LocalizedAlertError.swift in Sources */ = {isa = PBXBuildFile; fileRef = FD949A772CDD670E00F8CF48 /* LocalizedAlertError.swift */; };
		FD9C174C2CDE02E300401013 /* FormatStyle+Extensions.swift in Sources */ = {isa = PBXBuildFile; fileRef = FD9C174B2CDE02E300401013 /* FormatStyle+Extensions.swift */; };
		FDABC38D2CE778CF0085EC95 /* unknown_weather.json in Resources */ = {isa = PBXBuildFile; fileRef = FDABC38C2CE778CF0085EC95 /* unknown_weather.json */; };
		FDABC3962CE7A5FE0085EC95 /* AppRoute.swift in Sources */ = {isa = PBXBuildFile; fileRef = FDABC3952CE7A5FE0085EC95 /* AppRoute.swift */; };
		FDABC3982CE7A6D70085EC95 /* Navigation+EnvironmentKeys.swift in Sources */ = {isa = PBXBuildFile; fileRef = FDABC3972CE7A6D70085EC95 /* Navigation+EnvironmentKeys.swift */; };
		FDABC3A12CE844730085EC95 /* AboutAppView.swift in Sources */ = {isa = PBXBuildFile; fileRef = FDABC3A02CE844730085EC95 /* AboutAppView.swift */; };
		FDB65E732CDC030300E4A52E /* wizard_house.scn in Resources */ = {isa = PBXBuildFile; fileRef = FDB65E722CDC030300E4A52E /* wizard_house.scn */; };
		FDB65E762CDC033C00E4A52E /* HouseViewRepresentable.swift in Sources */ = {isa = PBXBuildFile; fileRef = FDB65E752CDC033C00E4A52E /* HouseViewRepresentable.swift */; };
		FDB65E782CDC28D400E4A52E /* IsVisibleModifier.swift in Sources */ = {isa = PBXBuildFile; fileRef = FDB65E772CDC28D400E4A52E /* IsVisibleModifier.swift */; };
		FDB65E7B2CDC4F2600E4A52E /* NetworkingService in Frameworks */ = {isa = PBXBuildFile; productRef = FDB65E7A2CDC4F2600E4A52E /* NetworkingService */; };
		FDB65E7E2CDC4F4E00E4A52E /* DependencyInjector in Frameworks */ = {isa = PBXBuildFile; productRef = FDB65E7D2CDC4F4E00E4A52E /* DependencyInjector */; };
		FDDCB0C22CECF4AD00052822 /* SkyWizardEnum in Frameworks */ = {isa = PBXBuildFile; productRef = FDDCB0C12CECF4AD00052822 /* SkyWizardEnum */; };
		FDDCB0C72CECF57500052822 /* SkyWizardModel in Frameworks */ = {isa = PBXBuildFile; productRef = FDDCB0C62CECF57500052822 /* SkyWizardModel */; };
		FDDCB0CB2CECFB4F00052822 /* SkyWizardService in Frameworks */ = {isa = PBXBuildFile; productRef = FDDCB0CA2CECFB4F00052822 /* SkyWizardService */; };
		FDE0B9662CD8082200017A6B /* SheetView.swift in Sources */ = {isa = PBXBuildFile; fileRef = FDE0B9652CD8082200017A6B /* SheetView.swift */; };
		FDF41DEB2CE37AC8000C4FB4 /* OSLog+Extensions.swift in Sources */ = {isa = PBXBuildFile; fileRef = FDF41DEA2CE37AC8000C4FB4 /* OSLog+Extensions.swift */; };
		FDF41DED2CE386F0000C4FB4 /* WeatherDataStore+Dependencies.swift in Sources */ = {isa = PBXBuildFile; fileRef = FDF41DEC2CE386E5000C4FB4 /* WeatherDataStore+Dependencies.swift */; };
		FDFD8F9E2CE6807C000B3C18 /* Reachability+Dependencies.swift in Sources */ = {isa = PBXBuildFile; fileRef = FDFD8F9D2CE6807C000B3C18 /* Reachability+Dependencies.swift */; };
		FDFD8FA32CE68CAB000B3C18 /* OfflineView.swift in Sources */ = {isa = PBXBuildFile; fileRef = FDFD8FA22CE68CAB000B3C18 /* OfflineView.swift */; };
/* End PBXBuildFile section */

/* Begin PBXContainerItemProxy section */
		FD949A512CDC916900F8CF48 /* PBXContainerItemProxy */ = {
			isa = PBXContainerItemProxy;
			containerPortal = FD32A9D12CB446CF002B8706 /* Project object */;
			proxyType = 1;
			remoteGlobalIDString = FD32A9D82CB446CF002B8706;
			remoteInfo = "SkyWizard-SwiftUI";
		};
/* End PBXContainerItemProxy section */

/* Begin PBXFileReference section */
		FD0841A22CD7202D00604BF3 /* Color+Extensions.swift */ = {isa = PBXFileReference; lastKnownFileType = sourcecode.swift; path = "Color+Extensions.swift"; sourceTree = "<group>"; };
		FD0841A52CD7307900604BF3 /* Montserrat-Black.ttf */ = {isa = PBXFileReference; lastKnownFileType = file; path = "Montserrat-Black.ttf"; sourceTree = "<group>"; };
		FD0841A62CD7307900604BF3 /* Montserrat-Bold.ttf */ = {isa = PBXFileReference; lastKnownFileType = file; path = "Montserrat-Bold.ttf"; sourceTree = "<group>"; };
		FD0841A72CD7307900604BF3 /* Montserrat-Light.ttf */ = {isa = PBXFileReference; lastKnownFileType = file; path = "Montserrat-Light.ttf"; sourceTree = "<group>"; };
		FD0841A82CD7307900604BF3 /* Montserrat-Medium.ttf */ = {isa = PBXFileReference; lastKnownFileType = file; path = "Montserrat-Medium.ttf"; sourceTree = "<group>"; };
		FD0841A92CD7307900604BF3 /* Montserrat-Regular.ttf */ = {isa = PBXFileReference; lastKnownFileType = file; path = "Montserrat-Regular.ttf"; sourceTree = "<group>"; };
		FD0841AA2CD7307900604BF3 /* Montserrat-SemiBold.ttf */ = {isa = PBXFileReference; lastKnownFileType = file; path = "Montserrat-SemiBold.ttf"; sourceTree = "<group>"; };
		FD0841B12CD7308E00604BF3 /* Info.plist */ = {isa = PBXFileReference; lastKnownFileType = text.plist.xml; path = Info.plist; sourceTree = "<group>"; };
		FD0841B22CD732A400604BF3 /* Font+Extensions.swift */ = {isa = PBXFileReference; lastKnownFileType = sourcecode.swift; path = "Font+Extensions.swift"; sourceTree = "<group>"; };
		FD0841B52CD743CD00604BF3 /* GlassModifier.swift */ = {isa = PBXFileReference; lastKnownFileType = sourcecode.swift; path = GlassModifier.swift; sourceTree = "<group>"; };
		FD0841B82CD7483A00604BF3 /* HourlyWeatherView.swift */ = {isa = PBXFileReference; lastKnownFileType = sourcecode.swift; path = HourlyWeatherView.swift; sourceTree = "<group>"; };
		FD0C62152CE8FF9300BD20EB /* sun_moon.json */ = {isa = PBXFileReference; lastKnownFileType = text.json; path = sun_moon.json; sourceTree = "<group>"; };
		FD126D172CE76A7300B3654A /* WeatherMessagePopup.swift */ = {isa = PBXFileReference; lastKnownFileType = sourcecode.swift; path = WeatherMessagePopup.swift; sourceTree = "<group>"; };
		FD1DF3112CEF91C90031B319 /* HouseView.swift */ = {isa = PBXFileReference; lastKnownFileType = sourcecode.swift; path = HouseView.swift; sourceTree = "<group>"; };
		FD32A9D92CB446CF002B8706 /* SkyWizard-SwiftUI.app */ = {isa = PBXFileReference; explicitFileType = wrapper.application; includeInIndex = 0; path = "SkyWizard-SwiftUI.app"; sourceTree = BUILT_PRODUCTS_DIR; };
		FD32A9EB2CB4484D002B8706 /* Preview Assets.xcassets */ = {isa = PBXFileReference; lastKnownFileType = folder.assetcatalog; path = "Preview Assets.xcassets"; sourceTree = "<group>"; };
		FD32A9ED2CB4484D002B8706 /* Assets.xcassets */ = {isa = PBXFileReference; lastKnownFileType = folder.assetcatalog; path = Assets.xcassets; sourceTree = "<group>"; };
		FD32A9EE2CB4484D002B8706 /* WeatherView.swift */ = {isa = PBXFileReference; lastKnownFileType = sourcecode.swift; path = WeatherView.swift; sourceTree = "<group>"; };
		FD32A9EF2CB4484D002B8706 /* SkyWizard_SwiftUIApp.swift */ = {isa = PBXFileReference; lastKnownFileType = sourcecode.swift; path = SkyWizard_SwiftUIApp.swift; sourceTree = "<group>"; };
		FD3558DF2CE52BF600E57013 /* LocationService+Dependencies.swift */ = {isa = PBXFileReference; lastKnownFileType = sourcecode.swift; path = "LocationService+Dependencies.swift"; sourceTree = "<group>"; };
		FD73C1AF2CD89EE4004DA8A7 /* DailyWeatherView.swift */ = {isa = PBXFileReference; lastKnownFileType = sourcecode.swift; path = DailyWeatherView.swift; sourceTree = "<group>"; };
		FD8574692CD9C690003D9D29 /* cloudy.json */ = {isa = PBXFileReference; lastKnownFileType = text.json; path = cloudy.json; sourceTree = "<group>"; };
		FD85746A2CD9C690003D9D29 /* cloudy_sun.json */ = {isa = PBXFileReference; lastKnownFileType = text.json; path = cloudy_sun.json; sourceTree = "<group>"; };
		FD85746B2CD9C690003D9D29 /* night.json */ = {isa = PBXFileReference; lastKnownFileType = text.json; path = night.json; sourceTree = "<group>"; };
		FD85746C2CD9C690003D9D29 /* night_rainy.json */ = {isa = PBXFileReference; lastKnownFileType = text.json; path = night_rainy.json; sourceTree = "<group>"; };
		FD85746D2CD9C690003D9D29 /* rainy.json */ = {isa = PBXFileReference; lastKnownFileType = text.json; path = rainy.json; sourceTree = "<group>"; };
		FD85746E2CD9C690003D9D29 /* snow.json */ = {isa = PBXFileReference; lastKnownFileType = text.json; path = snow.json; sourceTree = "<group>"; };
		FD85746F2CD9C690003D9D29 /* sunny.json */ = {isa = PBXFileReference; lastKnownFileType = text.json; path = sunny.json; sourceTree = "<group>"; };
		FD8574772CD9CE2D003D9D29 /* StatePreviewWrapper.swift */ = {isa = PBXFileReference; lastKnownFileType = sourcecode.swift; path = StatePreviewWrapper.swift; sourceTree = "<group>"; };
		FD85747F2CD9CEF9003D9D29 /* DailyWeatherItem.swift */ = {isa = PBXFileReference; lastKnownFileType = sourcecode.swift; path = DailyWeatherItem.swift; sourceTree = "<group>"; };
		FD8574822CD9CF6A003D9D29 /* HourlyWeatherItem.swift */ = {isa = PBXFileReference; lastKnownFileType = sourcecode.swift; path = HourlyWeatherItem.swift; sourceTree = "<group>"; };
		FD8574872CD9D040003D9D29 /* SubTemperatureView.swift */ = {isa = PBXFileReference; lastKnownFileType = sourcecode.swift; path = SubTemperatureView.swift; sourceTree = "<group>"; };
		FD949A3F2CDC8C3B00F8CF48 /* WeatherService+Dependencies.swift */ = {isa = PBXFileReference; lastKnownFileType = sourcecode.swift; path = "WeatherService+Dependencies.swift"; sourceTree = "<group>"; };
		FD949A412CDC8DD800F8CF48 /* Application.swift */ = {isa = PBXFileReference; lastKnownFileType = sourcecode.swift; path = Application.swift; sourceTree = "<group>"; };
		FD949A4D2CDC916900F8CF48 /* SkyWizard-SwiftUITests.xctest */ = {isa = PBXFileReference; explicitFileType = wrapper.cfbundle; includeInIndex = 0; path = "SkyWizard-SwiftUITests.xctest"; sourceTree = BUILT_PRODUCTS_DIR; };
		FD949A5B2CDC935E00F8CF48 /* WeatherServiceTests.swift */ = {isa = PBXFileReference; lastKnownFileType = sourcecode.swift; path = WeatherServiceTests.swift; sourceTree = "<group>"; };
		FD949A682CDCA44300F8CF48 /* GeocodingService+Dependencies.swift */ = {isa = PBXFileReference; lastKnownFileType = sourcecode.swift; path = "GeocodingService+Dependencies.swift"; sourceTree = "<group>"; };
		FD949A6A2CDCA54500F8CF48 /* GeocodingServiceTests.swift */ = {isa = PBXFileReference; lastKnownFileType = sourcecode.swift; path = GeocodingServiceTests.swift; sourceTree = "<group>"; };
		FD949A702CDD4E0F00F8CF48 /* DataTransferService+Dependencies.swift */ = {isa = PBXFileReference; lastKnownFileType = sourcecode.swift; path = "DataTransferService+Dependencies.swift"; sourceTree = "<group>"; };
		FD949A732CDD614300F8CF48 /* WeatherDataStore.swift */ = {isa = PBXFileReference; lastKnownFileType = sourcecode.swift; path = WeatherDataStore.swift; sourceTree = "<group>"; };
		FD949A752CDD66D000F8CF48 /* View+Extensions.swift */ = {isa = PBXFileReference; lastKnownFileType = sourcecode.swift; path = "View+Extensions.swift"; sourceTree = "<group>"; };
		FD949A772CDD670E00F8CF48 /* LocalizedAlertError.swift */ = {isa = PBXFileReference; lastKnownFileType = sourcecode.swift; path = LocalizedAlertError.swift; sourceTree = "<group>"; };
		FD9C174B2CDE02E300401013 /* FormatStyle+Extensions.swift */ = {isa = PBXFileReference; lastKnownFileType = sourcecode.swift; path = "FormatStyle+Extensions.swift"; sourceTree = "<group>"; };
		FDABC38C2CE778CF0085EC95 /* unknown_weather.json */ = {isa = PBXFileReference; lastKnownFileType = text.json; path = unknown_weather.json; sourceTree = "<group>"; };
		FDABC3952CE7A5FE0085EC95 /* AppRoute.swift */ = {isa = PBXFileReference; lastKnownFileType = sourcecode.swift; path = AppRoute.swift; sourceTree = "<group>"; };
		FDABC3972CE7A6D70085EC95 /* Navigation+EnvironmentKeys.swift */ = {isa = PBXFileReference; lastKnownFileType = sourcecode.swift; path = "Navigation+EnvironmentKeys.swift"; sourceTree = "<group>"; };
		FDABC3A02CE844730085EC95 /* AboutAppView.swift */ = {isa = PBXFileReference; lastKnownFileType = sourcecode.swift; path = AboutAppView.swift; sourceTree = "<group>"; };
		FDB65E722CDC030300E4A52E /* wizard_house.scn */ = {isa = PBXFileReference; lastKnownFileType = file.bplist; path = wizard_house.scn; sourceTree = "<group>"; };
		FDB65E752CDC033C00E4A52E /* HouseViewRepresentable.swift */ = {isa = PBXFileReference; lastKnownFileType = sourcecode.swift; path = HouseViewRepresentable.swift; sourceTree = "<group>"; };
		FDB65E772CDC28D400E4A52E /* IsVisibleModifier.swift */ = {isa = PBXFileReference; lastKnownFileType = sourcecode.swift; path = IsVisibleModifier.swift; sourceTree = "<group>"; };
		FDDCB0BC2CECEFB400052822 /* SkyWizardAPI */ = {isa = PBXFileReference; lastKnownFileType = wrapper; path = SkyWizardAPI; sourceTree = "<group>"; };
		FDE0B9652CD8082200017A6B /* SheetView.swift */ = {isa = PBXFileReference; lastKnownFileType = sourcecode.swift; path = SheetView.swift; sourceTree = "<group>"; };
		FDF41DEA2CE37AC8000C4FB4 /* OSLog+Extensions.swift */ = {isa = PBXFileReference; lastKnownFileType = sourcecode.swift; path = "OSLog+Extensions.swift"; sourceTree = "<group>"; };
		FDF41DEC2CE386E5000C4FB4 /* WeatherDataStore+Dependencies.swift */ = {isa = PBXFileReference; lastKnownFileType = sourcecode.swift; path = "WeatherDataStore+Dependencies.swift"; sourceTree = "<group>"; };
		FDFD8F9D2CE6807C000B3C18 /* Reachability+Dependencies.swift */ = {isa = PBXFileReference; lastKnownFileType = sourcecode.swift; path = "Reachability+Dependencies.swift"; sourceTree = "<group>"; };
		FDFD8FA22CE68CAB000B3C18 /* OfflineView.swift */ = {isa = PBXFileReference; lastKnownFileType = sourcecode.swift; path = OfflineView.swift; sourceTree = "<group>"; };
/* End PBXFileReference section */

/* Begin PBXFrameworksBuildPhase section */
		FD32A9D62CB446CF002B8706 /* Frameworks */ = {
			isa = PBXFrameworksBuildPhase;
			buildActionMask = 2147483647;
			files = (
				FDB65E7B2CDC4F2600E4A52E /* NetworkingService in Frameworks */,
				FD8574672CD9C572003D9D29 /* Lottie in Frameworks */,
				FDDCB0C72CECF57500052822 /* SkyWizardModel in Frameworks */,
				FDDCB0C22CECF4AD00052822 /* SkyWizardEnum in Frameworks */,
				FDB65E7E2CDC4F4E00E4A52E /* DependencyInjector in Frameworks */,
				FDDCB0CB2CECFB4F00052822 /* SkyWizardService in Frameworks */,
			);
			runOnlyForDeploymentPostprocessing = 0;
		};
		FD949A4A2CDC916900F8CF48 /* Frameworks */ = {
			isa = PBXFrameworksBuildPhase;
			buildActionMask = 2147483647;
			files = (
			);
			runOnlyForDeploymentPostprocessing = 0;
		};
/* End PBXFrameworksBuildPhase section */

/* Begin PBXGroup section */
		FD0841A42CD7306E00604BF3 /* Fonts */ = {
			isa = PBXGroup;
			children = (
				FD0841A52CD7307900604BF3 /* Montserrat-Black.ttf */,
				FD0841A62CD7307900604BF3 /* Montserrat-Bold.ttf */,
				FD0841A72CD7307900604BF3 /* Montserrat-Light.ttf */,
				FD0841A82CD7307900604BF3 /* Montserrat-Medium.ttf */,
				FD0841A92CD7307900604BF3 /* Montserrat-Regular.ttf */,
				FD0841AA2CD7307900604BF3 /* Montserrat-SemiBold.ttf */,
			);
			path = Fonts;
			sourceTree = "<group>";
		};
		FD0841B42CD743B900604BF3 /* View Modifiers */ = {
			isa = PBXGroup;
			children = (
				FD0841B52CD743CD00604BF3 /* GlassModifier.swift */,
				FDB65E772CDC28D400E4A52E /* IsVisibleModifier.swift */,
			);
			path = "View Modifiers";
			sourceTree = "<group>";
		};
		FD0841B72CD7481400604BF3 /* Subviews */ = {
			isa = PBXGroup;
			children = (
				FD1DF3102CEF91B40031B319 /* House View */,
				FD126D162CE7696800B3654A /* Weather Message */,
				FDFD8FA12CE68C9C000B3C18 /* Offline View */,
				FD8574812CD9CF51003D9D29 /* Hourly Weather */,
				FD85747E2CD9CEC6003D9D29 /* Daily Weather */,
				FD8574792CD9CE5D003D9D29 /* Sheet View */,
			);
			path = Subviews;
			sourceTree = "<group>";
		};
		FD126D162CE7696800B3654A /* Weather Message */ = {
			isa = PBXGroup;
			children = (
				FD126D172CE76A7300B3654A /* WeatherMessagePopup.swift */,
			);
			path = "Weather Message";
			sourceTree = "<group>";
		};
		FD1DF3102CEF91B40031B319 /* House View */ = {
			isa = PBXGroup;
			children = (
				FD1DF3112CEF91C90031B319 /* HouseView.swift */,
			);
			path = "House View";
			sourceTree = "<group>";
		};
		FD32A9D02CB446CF002B8706 = {
			isa = PBXGroup;
			children = (
				FD32A9F02CB4484D002B8706 /* SkyWizard-SwiftUI */,
				FD949A572CDC917200F8CF48 /* SkyWizard-SwiftUITests */,
				FDDCB0BC2CECEFB400052822 /* SkyWizardAPI */,
				FD32A9DA2CB446CF002B8706 /* Products */,
			);
			sourceTree = "<group>";
		};
		FD32A9DA2CB446CF002B8706 /* Products */ = {
			isa = PBXGroup;
			children = (
				FD32A9D92CB446CF002B8706 /* SkyWizard-SwiftUI.app */,
				FD949A4D2CDC916900F8CF48 /* SkyWizard-SwiftUITests.xctest */,
			);
			name = Products;
			sourceTree = "<group>";
		};
		FD32A9EC2CB4484D002B8706 /* Preview Content */ = {
			isa = PBXGroup;
			children = (
				FD32A9EB2CB4484D002B8706 /* Preview Assets.xcassets */,
			);
			path = "Preview Content";
			sourceTree = "<group>";
		};
		FD32A9F02CB4484D002B8706 /* SkyWizard-SwiftUI */ = {
			isa = PBXGroup;
			children = (
				FD0841B12CD7308E00604BF3 /* Info.plist */,
				FD949A452CDC8EF200F8CF48 /* Application */,
				FD32A9F82CB4494B002B8706 /* Presentation */,
				FD949A722CDD613800F8CF48 /* Datastores */,
				FD32A9F62CB44943002B8706 /* Util */,
				FD32A9F52CB4493E002B8706 /* Other */,
			);
			path = "SkyWizard-SwiftUI";
			sourceTree = "<group>";
		};
		FD32A9F52CB4493E002B8706 /* Other */ = {
			isa = PBXGroup;
			children = (
				FDB65E712CDC02FF00E4A52E /* Objects */,
				FD8574682CD9C5A8003D9D29 /* Animations */,
				FD0841A42CD7306E00604BF3 /* Fonts */,
				FD32A9EF2CB4484D002B8706 /* SkyWizard_SwiftUIApp.swift */,
				FD32A9ED2CB4484D002B8706 /* Assets.xcassets */,
				FD32A9EC2CB4484D002B8706 /* Preview Content */,
			);
			path = Other;
			sourceTree = "<group>";
		};
		FD32A9F62CB44943002B8706 /* Util */ = {
			isa = PBXGroup;
			children = (
				FD0841B42CD743B900604BF3 /* View Modifiers */,
				FD949A752CDD66D000F8CF48 /* View+Extensions.swift */,
				FD0841A22CD7202D00604BF3 /* Color+Extensions.swift */,
				FD9C174B2CDE02E300401013 /* FormatStyle+Extensions.swift */,
				FD0841B22CD732A400604BF3 /* Font+Extensions.swift */,
				FD8574772CD9CE2D003D9D29 /* StatePreviewWrapper.swift */,
				FD949A772CDD670E00F8CF48 /* LocalizedAlertError.swift */,
				FDF41DEA2CE37AC8000C4FB4 /* OSLog+Extensions.swift */,
			);
			path = Util;
			sourceTree = "<group>";
		};
		FD32A9F82CB4494B002B8706 /* Presentation */ = {
			isa = PBXGroup;
			children = (
				FDABC3942CE7A5DA0085EC95 /* Navigation */,
				FDB65E742CDC031C00E4A52E /* Representables */,
				FD0841B72CD7481400604BF3 /* Subviews */,
				FD8574862CD9D000003D9D29 /* Weather View */,
				FDABC39F2CE7ADCE0085EC95 /* About App View */,
			);
			path = Presentation;
			sourceTree = "<group>";
		};
		FD8574682CD9C5A8003D9D29 /* Animations */ = {
			isa = PBXGroup;
			children = (
				FD0C62152CE8FF9300BD20EB /* sun_moon.json */,
				FDABC38C2CE778CF0085EC95 /* unknown_weather.json */,
				FD8574692CD9C690003D9D29 /* cloudy.json */,
				FD85746A2CD9C690003D9D29 /* cloudy_sun.json */,
				FD85746B2CD9C690003D9D29 /* night.json */,
				FD85746C2CD9C690003D9D29 /* night_rainy.json */,
				FD85746D2CD9C690003D9D29 /* rainy.json */,
				FD85746E2CD9C690003D9D29 /* snow.json */,
				FD85746F2CD9C690003D9D29 /* sunny.json */,
			);
			path = Animations;
			sourceTree = "<group>";
		};
		FD8574792CD9CE5D003D9D29 /* Sheet View */ = {
			isa = PBXGroup;
			children = (
				FDE0B9652CD8082200017A6B /* SheetView.swift */,
			);
			path = "Sheet View";
			sourceTree = "<group>";
		};
		FD85747E2CD9CEC6003D9D29 /* Daily Weather */ = {
			isa = PBXGroup;
			children = (
				FD73C1AF2CD89EE4004DA8A7 /* DailyWeatherView.swift */,
				FD85747F2CD9CEF9003D9D29 /* DailyWeatherItem.swift */,
			);
			path = "Daily Weather";
			sourceTree = "<group>";
		};
		FD8574812CD9CF51003D9D29 /* Hourly Weather */ = {
			isa = PBXGroup;
			children = (
				FD0841B82CD7483A00604BF3 /* HourlyWeatherView.swift */,
				FD8574822CD9CF6A003D9D29 /* HourlyWeatherItem.swift */,
			);
			path = "Hourly Weather";
			sourceTree = "<group>";
		};
		FD8574862CD9D000003D9D29 /* Weather View */ = {
			isa = PBXGroup;
			children = (
				FD8574872CD9D040003D9D29 /* SubTemperatureView.swift */,
				FD32A9EE2CB4484D002B8706 /* WeatherView.swift */,
			);
			path = "Weather View";
			sourceTree = "<group>";
		};
		FD949A452CDC8EF200F8CF48 /* Application */ = {
			isa = PBXGroup;
			children = (
				FD949A412CDC8DD800F8CF48 /* Application.swift */,
				FD949A462CDC8EF800F8CF48 /* Dependencies */,
			);
			path = Application;
			sourceTree = "<group>";
		};
		FD949A462CDC8EF800F8CF48 /* Dependencies */ = {
			isa = PBXGroup;
			children = (
				FDF41DEC2CE386E5000C4FB4 /* WeatherDataStore+Dependencies.swift */,
				FD949A3F2CDC8C3B00F8CF48 /* WeatherService+Dependencies.swift */,
				FD949A682CDCA44300F8CF48 /* GeocodingService+Dependencies.swift */,
				FD949A702CDD4E0F00F8CF48 /* DataTransferService+Dependencies.swift */,
				FD3558DF2CE52BF600E57013 /* LocationService+Dependencies.swift */,
				FDFD8F9D2CE6807C000B3C18 /* Reachability+Dependencies.swift */,
			);
			path = Dependencies;
			sourceTree = "<group>";
		};
		FD949A572CDC917200F8CF48 /* SkyWizard-SwiftUITests */ = {
			isa = PBXGroup;
			children = (
				FD949A5A2CDC91DF00F8CF48 /* Geocoding Service */,
				FD949A592CDC91D700F8CF48 /* Weather Service */,
			);
			path = "SkyWizard-SwiftUITests";
			sourceTree = "<group>";
		};
		FD949A592CDC91D700F8CF48 /* Weather Service */ = {
			isa = PBXGroup;
			children = (
				FD949A5B2CDC935E00F8CF48 /* WeatherServiceTests.swift */,
			);
			path = "Weather Service";
			sourceTree = "<group>";
		};
		FD949A5A2CDC91DF00F8CF48 /* Geocoding Service */ = {
			isa = PBXGroup;
			children = (
				FD949A6A2CDCA54500F8CF48 /* GeocodingServiceTests.swift */,
			);
			path = "Geocoding Service";
			sourceTree = "<group>";
		};
		FD949A722CDD613800F8CF48 /* Datastores */ = {
			isa = PBXGroup;
			children = (
				FD949A732CDD614300F8CF48 /* WeatherDataStore.swift */,
			);
			path = Datastores;
			sourceTree = "<group>";
		};
		FDABC3942CE7A5DA0085EC95 /* Navigation */ = {
			isa = PBXGroup;
			children = (
				FDABC3952CE7A5FE0085EC95 /* AppRoute.swift */,
				FDABC3972CE7A6D70085EC95 /* Navigation+EnvironmentKeys.swift */,
			);
			path = Navigation;
			sourceTree = "<group>";
		};
		FDABC39F2CE7ADCE0085EC95 /* About App View */ = {
			isa = PBXGroup;
			children = (
				FDABC3A02CE844730085EC95 /* AboutAppView.swift */,
			);
			path = "About App View";
			sourceTree = "<group>";
		};
		FDB65E712CDC02FF00E4A52E /* Objects */ = {
			isa = PBXGroup;
			children = (
				FDB65E722CDC030300E4A52E /* wizard_house.scn */,
			);
			path = Objects;
			sourceTree = "<group>";
		};
		FDB65E742CDC031C00E4A52E /* Representables */ = {
			isa = PBXGroup;
			children = (
				FDB65E752CDC033C00E4A52E /* HouseViewRepresentable.swift */,
			);
			path = Representables;
			sourceTree = "<group>";
		};
		FDFD8FA12CE68C9C000B3C18 /* Offline View */ = {
			isa = PBXGroup;
			children = (
				FDFD8FA22CE68CAB000B3C18 /* OfflineView.swift */,
			);
			path = "Offline View";
			sourceTree = "<group>";
		};
/* End PBXGroup section */

/* Begin PBXNativeTarget section */
		FD32A9D82CB446CF002B8706 /* SkyWizard-SwiftUI */ = {
			isa = PBXNativeTarget;
			buildConfigurationList = FD32A9E72CB446D1002B8706 /* Build configuration list for PBXNativeTarget "SkyWizard-SwiftUI" */;
			buildPhases = (
				FD32A9D52CB446CF002B8706 /* Sources */,
				FD32A9D62CB446CF002B8706 /* Frameworks */,
				FD32A9D72CB446CF002B8706 /* Resources */,
			);
			buildRules = (
			);
			dependencies = (
			);
			name = "SkyWizard-SwiftUI";
			packageProductDependencies = (
				FD8574662CD9C572003D9D29 /* Lottie */,
				FDB65E7A2CDC4F2600E4A52E /* NetworkingService */,
				FDB65E7D2CDC4F4E00E4A52E /* DependencyInjector */,
				FDDCB0C12CECF4AD00052822 /* SkyWizardEnum */,
				FDDCB0C62CECF57500052822 /* SkyWizardModel */,
				FDDCB0CA2CECFB4F00052822 /* SkyWizardService */,
			);
			productName = "SkyWizard-SwiftUI";
			productReference = FD32A9D92CB446CF002B8706 /* SkyWizard-SwiftUI.app */;
			productType = "com.apple.product-type.application";
		};
		FD949A4C2CDC916900F8CF48 /* SkyWizard-SwiftUITests */ = {
			isa = PBXNativeTarget;
			buildConfigurationList = FD949A532CDC916900F8CF48 /* Build configuration list for PBXNativeTarget "SkyWizard-SwiftUITests" */;
			buildPhases = (
				FD949A492CDC916900F8CF48 /* Sources */,
				FD949A4A2CDC916900F8CF48 /* Frameworks */,
				FD949A4B2CDC916900F8CF48 /* Resources */,
			);
			buildRules = (
			);
			dependencies = (
				FD949A522CDC916900F8CF48 /* PBXTargetDependency */,
			);
			name = "SkyWizard-SwiftUITests";
			packageProductDependencies = (
			);
			productName = "SkyWizard-SwiftUITests";
			productReference = FD949A4D2CDC916900F8CF48 /* SkyWizard-SwiftUITests.xctest */;
			productType = "com.apple.product-type.bundle.unit-test";
		};
/* End PBXNativeTarget section */

/* Begin PBXProject section */
		FD32A9D12CB446CF002B8706 /* Project object */ = {
			isa = PBXProject;
			attributes = {
				BuildIndependentTargetsInParallel = 1;
				LastSwiftUpdateCheck = 1600;
				LastUpgradeCheck = 1600;
				TargetAttributes = {
					FD32A9D82CB446CF002B8706 = {
						CreatedOnToolsVersion = 16.0;
					};
					FD949A4C2CDC916900F8CF48 = {
						CreatedOnToolsVersion = 16.0;
						TestTargetID = FD32A9D82CB446CF002B8706;
					};
				};
			};
			buildConfigurationList = FD32A9D42CB446CF002B8706 /* Build configuration list for PBXProject "SkyWizard-SwiftUI" */;
			developmentRegion = en;
			hasScannedForEncodings = 0;
			knownRegions = (
				en,
				Base,
			);
			mainGroup = FD32A9D02CB446CF002B8706;
			minimizedProjectReferenceProxies = 1;
			packageReferences = (
				FD8574652CD9C572003D9D29 /* XCRemoteSwiftPackageReference "lottie-spm" */,
				FDB65E792CDC4F2600E4A52E /* XCRemoteSwiftPackageReference "NetworkingService" */,
				FDB65E7C2CDC4F4E00E4A52E /* XCRemoteSwiftPackageReference "DependencyInjector" */,
			);
			preferredProjectObjectVersion = 77;
			productRefGroup = FD32A9DA2CB446CF002B8706 /* Products */;
			projectDirPath = "";
			projectRoot = "";
			targets = (
				FD32A9D82CB446CF002B8706 /* SkyWizard-SwiftUI */,
				FD949A4C2CDC916900F8CF48 /* SkyWizard-SwiftUITests */,
			);
		};
/* End PBXProject section */

/* Begin PBXResourcesBuildPhase section */
		FD32A9D72CB446CF002B8706 /* Resources */ = {
			isa = PBXResourcesBuildPhase;
			buildActionMask = 2147483647;
			files = (
				FD32A9F12CB4484D002B8706 /* Preview Assets.xcassets in Resources */,
				FD0C62162CE8FF9300BD20EB /* sun_moon.json in Resources */,
				FD0841AB2CD7307900604BF3 /* Montserrat-Light.ttf in Resources */,
				FD0841AC2CD7307900604BF3 /* Montserrat-Black.ttf in Resources */,
				FD0841AD2CD7307900604BF3 /* Montserrat-Bold.ttf in Resources */,
				FD0841AE2CD7307900604BF3 /* Montserrat-Medium.ttf in Resources */,
				FD0841AF2CD7307900604BF3 /* Montserrat-Regular.ttf in Resources */,
				FDB65E732CDC030300E4A52E /* wizard_house.scn in Resources */,
				FD0841B02CD7307900604BF3 /* Montserrat-SemiBold.ttf in Resources */,
				FDABC38D2CE778CF0085EC95 /* unknown_weather.json in Resources */,
				FD8574702CD9C690003D9D29 /* snow.json in Resources */,
				FD8574712CD9C690003D9D29 /* rainy.json in Resources */,
				FD8574722CD9C690003D9D29 /* night_rainy.json in Resources */,
				FD8574732CD9C690003D9D29 /* cloudy.json in Resources */,
				FD8574742CD9C690003D9D29 /* cloudy_sun.json in Resources */,
				FD8574752CD9C690003D9D29 /* sunny.json in Resources */,
				FD8574762CD9C690003D9D29 /* night.json in Resources */,
				FD32A9F22CB4484D002B8706 /* Assets.xcassets in Resources */,
			);
			runOnlyForDeploymentPostprocessing = 0;
		};
		FD949A4B2CDC916900F8CF48 /* Resources */ = {
			isa = PBXResourcesBuildPhase;
			buildActionMask = 2147483647;
			files = (
			);
			runOnlyForDeploymentPostprocessing = 0;
		};
/* End PBXResourcesBuildPhase section */

/* Begin PBXSourcesBuildPhase section */
		FD32A9D52CB446CF002B8706 /* Sources */ = {
			isa = PBXSourcesBuildPhase;
			buildActionMask = 2147483647;
			files = (
				FDF41DEB2CE37AC8000C4FB4 /* OSLog+Extensions.swift in Sources */,
				FD9C174C2CDE02E300401013 /* FormatStyle+Extensions.swift in Sources */,
				FD949A742CDD614300F8CF48 /* WeatherDataStore.swift in Sources */,
				FD949A422CDC8DD800F8CF48 /* Application.swift in Sources */,
				FD949A712CDD4E0F00F8CF48 /* DataTransferService+Dependencies.swift in Sources */,
				FDFD8F9E2CE6807C000B3C18 /* Reachability+Dependencies.swift in Sources */,
				FD126D182CE76A7300B3654A /* WeatherMessagePopup.swift in Sources */,
				FDABC3A12CE844730085EC95 /* AboutAppView.swift in Sources */,
				FD8574832CD9CF6A003D9D29 /* HourlyWeatherItem.swift in Sources */,
				FD1DF3122CEF91D10031B319 /* HouseView.swift in Sources */,
				FDF41DED2CE386F0000C4FB4 /* WeatherDataStore+Dependencies.swift in Sources */,
				FDABC3982CE7A6D70085EC95 /* Navigation+EnvironmentKeys.swift in Sources */,
				FD949A402CDC8C3B00F8CF48 /* WeatherService+Dependencies.swift in Sources */,
				FDB65E762CDC033C00E4A52E /* HouseViewRepresentable.swift in Sources */,
				FD8574782CD9CE2D003D9D29 /* StatePreviewWrapper.swift in Sources */,
				FD8574882CD9D040003D9D29 /* SubTemperatureView.swift in Sources */,
				FD0841B62CD743CD00604BF3 /* GlassModifier.swift in Sources */,
				FDABC3962CE7A5FE0085EC95 /* AppRoute.swift in Sources */,
				FDFD8FA32CE68CAB000B3C18 /* OfflineView.swift in Sources */,
				FDB65E782CDC28D400E4A52E /* IsVisibleModifier.swift in Sources */,
				FD3558E02CE52BF600E57013 /* LocationService+Dependencies.swift in Sources */,
				FDE0B9662CD8082200017A6B /* SheetView.swift in Sources */,
				FD32A9F32CB4484D002B8706 /* WeatherView.swift in Sources */,
				FD0841B92CD7483A00604BF3 /* HourlyWeatherView.swift in Sources */,
				FD949A762CDD66D000F8CF48 /* View+Extensions.swift in Sources */,
				FD949A782CDD670E00F8CF48 /* LocalizedAlertError.swift in Sources */,
				FD8574802CD9CEF9003D9D29 /* DailyWeatherItem.swift in Sources */,
				FD32A9F42CB4484D002B8706 /* SkyWizard_SwiftUIApp.swift in Sources */,
				FD0841B32CD732A400604BF3 /* Font+Extensions.swift in Sources */,
				FD0841A32CD7202D00604BF3 /* Color+Extensions.swift in Sources */,
				FD73C1B02CD89EE4004DA8A7 /* DailyWeatherView.swift in Sources */,
				FD949A692CDCA44300F8CF48 /* GeocodingService+Dependencies.swift in Sources */,
			);
			runOnlyForDeploymentPostprocessing = 0;
		};
		FD949A492CDC916900F8CF48 /* Sources */ = {
			isa = PBXSourcesBuildPhase;
			buildActionMask = 2147483647;
			files = (
				FD949A5C2CDC935E00F8CF48 /* WeatherServiceTests.swift in Sources */,
				FD949A6B2CDCA54500F8CF48 /* GeocodingServiceTests.swift in Sources */,
			);
			runOnlyForDeploymentPostprocessing = 0;
		};
/* End PBXSourcesBuildPhase section */

/* Begin PBXTargetDependency section */
		FD949A522CDC916900F8CF48 /* PBXTargetDependency */ = {
			isa = PBXTargetDependency;
			target = FD32A9D82CB446CF002B8706 /* SkyWizard-SwiftUI */;
			targetProxy = FD949A512CDC916900F8CF48 /* PBXContainerItemProxy */;
		};
/* End PBXTargetDependency section */

/* Begin XCBuildConfiguration section */
		FD32A9E52CB446D1002B8706 /* Debug */ = {
			isa = XCBuildConfiguration;
			buildSettings = {
				ALWAYS_SEARCH_USER_PATHS = NO;
				ASSETCATALOG_COMPILER_GENERATE_SWIFT_ASSET_SYMBOL_EXTENSIONS = YES;
				CLANG_ANALYZER_NONNULL = YES;
				CLANG_ANALYZER_NUMBER_OBJECT_CONVERSION = YES_AGGRESSIVE;
				CLANG_CXX_LANGUAGE_STANDARD = "gnu++20";
				CLANG_ENABLE_MODULES = YES;
				CLANG_ENABLE_OBJC_ARC = YES;
				CLANG_ENABLE_OBJC_WEAK = YES;
				CLANG_WARN_BLOCK_CAPTURE_AUTORELEASING = YES;
				CLANG_WARN_BOOL_CONVERSION = YES;
				CLANG_WARN_COMMA = YES;
				CLANG_WARN_CONSTANT_CONVERSION = YES;
				CLANG_WARN_DEPRECATED_OBJC_IMPLEMENTATIONS = YES;
				CLANG_WARN_DIRECT_OBJC_ISA_USAGE = YES_ERROR;
				CLANG_WARN_DOCUMENTATION_COMMENTS = YES;
				CLANG_WARN_EMPTY_BODY = YES;
				CLANG_WARN_ENUM_CONVERSION = YES;
				CLANG_WARN_INFINITE_RECURSION = YES;
				CLANG_WARN_INT_CONVERSION = YES;
				CLANG_WARN_NON_LITERAL_NULL_CONVERSION = YES;
				CLANG_WARN_OBJC_IMPLICIT_RETAIN_SELF = YES;
				CLANG_WARN_OBJC_LITERAL_CONVERSION = YES;
				CLANG_WARN_OBJC_ROOT_CLASS = YES_ERROR;
				CLANG_WARN_QUOTED_INCLUDE_IN_FRAMEWORK_HEADER = YES;
				CLANG_WARN_RANGE_LOOP_ANALYSIS = YES;
				CLANG_WARN_STRICT_PROTOTYPES = YES;
				CLANG_WARN_SUSPICIOUS_MOVE = YES;
				CLANG_WARN_UNGUARDED_AVAILABILITY = YES_AGGRESSIVE;
				CLANG_WARN_UNREACHABLE_CODE = YES;
				CLANG_WARN__DUPLICATE_METHOD_MATCH = YES;
				COPY_PHASE_STRIP = NO;
				DEBUG_INFORMATION_FORMAT = dwarf;
				ENABLE_STRICT_OBJC_MSGSEND = YES;
				ENABLE_TESTABILITY = YES;
				ENABLE_USER_SCRIPT_SANDBOXING = YES;
				GCC_C_LANGUAGE_STANDARD = gnu17;
				GCC_DYNAMIC_NO_PIC = NO;
				GCC_NO_COMMON_BLOCKS = YES;
				GCC_OPTIMIZATION_LEVEL = 0;
				GCC_PREPROCESSOR_DEFINITIONS = (
					"DEBUG=1",
					"$(inherited)",
				);
				GCC_WARN_64_TO_32_BIT_CONVERSION = YES;
				GCC_WARN_ABOUT_RETURN_TYPE = YES_ERROR;
				GCC_WARN_UNDECLARED_SELECTOR = YES;
				GCC_WARN_UNINITIALIZED_AUTOS = YES_AGGRESSIVE;
				GCC_WARN_UNUSED_FUNCTION = YES;
				GCC_WARN_UNUSED_VARIABLE = YES;
				IPHONEOS_DEPLOYMENT_TARGET = 18.0;
				LOCALIZATION_PREFERS_STRING_CATALOGS = YES;
				MTL_ENABLE_DEBUG_INFO = INCLUDE_SOURCE;
				MTL_FAST_MATH = YES;
				ONLY_ACTIVE_ARCH = YES;
				SDKROOT = iphoneos;
				SWIFT_ACTIVE_COMPILATION_CONDITIONS = "DEBUG $(inherited)";
				SWIFT_OPTIMIZATION_LEVEL = "-Onone";
				SWIFT_STRICT_CONCURRENCY = targeted;
			};
			name = Debug;
		};
		FD32A9E62CB446D1002B8706 /* Release */ = {
			isa = XCBuildConfiguration;
			buildSettings = {
				ALWAYS_SEARCH_USER_PATHS = NO;
				ASSETCATALOG_COMPILER_GENERATE_SWIFT_ASSET_SYMBOL_EXTENSIONS = YES;
				CLANG_ANALYZER_NONNULL = YES;
				CLANG_ANALYZER_NUMBER_OBJECT_CONVERSION = YES_AGGRESSIVE;
				CLANG_CXX_LANGUAGE_STANDARD = "gnu++20";
				CLANG_ENABLE_MODULES = YES;
				CLANG_ENABLE_OBJC_ARC = YES;
				CLANG_ENABLE_OBJC_WEAK = YES;
				CLANG_WARN_BLOCK_CAPTURE_AUTORELEASING = YES;
				CLANG_WARN_BOOL_CONVERSION = YES;
				CLANG_WARN_COMMA = YES;
				CLANG_WARN_CONSTANT_CONVERSION = YES;
				CLANG_WARN_DEPRECATED_OBJC_IMPLEMENTATIONS = YES;
				CLANG_WARN_DIRECT_OBJC_ISA_USAGE = YES_ERROR;
				CLANG_WARN_DOCUMENTATION_COMMENTS = YES;
				CLANG_WARN_EMPTY_BODY = YES;
				CLANG_WARN_ENUM_CONVERSION = YES;
				CLANG_WARN_INFINITE_RECURSION = YES;
				CLANG_WARN_INT_CONVERSION = YES;
				CLANG_WARN_NON_LITERAL_NULL_CONVERSION = YES;
				CLANG_WARN_OBJC_IMPLICIT_RETAIN_SELF = YES;
				CLANG_WARN_OBJC_LITERAL_CONVERSION = YES;
				CLANG_WARN_OBJC_ROOT_CLASS = YES_ERROR;
				CLANG_WARN_QUOTED_INCLUDE_IN_FRAMEWORK_HEADER = YES;
				CLANG_WARN_RANGE_LOOP_ANALYSIS = YES;
				CLANG_WARN_STRICT_PROTOTYPES = YES;
				CLANG_WARN_SUSPICIOUS_MOVE = YES;
				CLANG_WARN_UNGUARDED_AVAILABILITY = YES_AGGRESSIVE;
				CLANG_WARN_UNREACHABLE_CODE = YES;
				CLANG_WARN__DUPLICATE_METHOD_MATCH = YES;
				COPY_PHASE_STRIP = NO;
				DEBUG_INFORMATION_FORMAT = "dwarf-with-dsym";
				ENABLE_NS_ASSERTIONS = NO;
				ENABLE_STRICT_OBJC_MSGSEND = YES;
				ENABLE_USER_SCRIPT_SANDBOXING = YES;
				GCC_C_LANGUAGE_STANDARD = gnu17;
				GCC_NO_COMMON_BLOCKS = YES;
				GCC_WARN_64_TO_32_BIT_CONVERSION = YES;
				GCC_WARN_ABOUT_RETURN_TYPE = YES_ERROR;
				GCC_WARN_UNDECLARED_SELECTOR = YES;
				GCC_WARN_UNINITIALIZED_AUTOS = YES_AGGRESSIVE;
				GCC_WARN_UNUSED_FUNCTION = YES;
				GCC_WARN_UNUSED_VARIABLE = YES;
				IPHONEOS_DEPLOYMENT_TARGET = 18.0;
				LOCALIZATION_PREFERS_STRING_CATALOGS = YES;
				MTL_ENABLE_DEBUG_INFO = NO;
				MTL_FAST_MATH = YES;
				SDKROOT = iphoneos;
				SWIFT_COMPILATION_MODE = wholemodule;
				SWIFT_STRICT_CONCURRENCY = targeted;
				VALIDATE_PRODUCT = YES;
			};
			name = Release;
		};
		FD32A9E82CB446D1002B8706 /* Debug */ = {
			isa = XCBuildConfiguration;
			buildSettings = {
				ASSETCATALOG_COMPILER_APPICON_NAME = AppIcon;
				ASSETCATALOG_COMPILER_GLOBAL_ACCENT_COLOR_NAME = AccentColor;
				CODE_SIGN_STYLE = Automatic;
				CURRENT_PROJECT_VERSION = 4;
				DEVELOPMENT_ASSET_PATHS = "\"SkyWizard-SwiftUI/Other/Preview Content\"";
				DEVELOPMENT_TEAM = ZMV4XYT773;
				ENABLE_PREVIEWS = YES;
				GENERATE_INFOPLIST_FILE = YES;
				INFOPLIST_FILE = "SkyWizard-SwiftUI/Info.plist";
				INFOPLIST_KEY_CFBundleDisplayName = "Sky Wizard";
				INFOPLIST_KEY_LSApplicationCategoryType = "public.app-category.entertainment";
				INFOPLIST_KEY_NSLocationWhenInUseUsageDescription = "Sky Wizard needs access to your current location data to fetch weather for your location.";
				INFOPLIST_KEY_UIApplicationSceneManifest_Generation = YES;
				INFOPLIST_KEY_UIApplicationSupportsIndirectInputEvents = YES;
				INFOPLIST_KEY_UILaunchScreen_Generation = YES;
				INFOPLIST_KEY_UIRequiresFullScreen = YES;
				INFOPLIST_KEY_UISupportedInterfaceOrientations = UIInterfaceOrientationPortrait;
				IPHONEOS_DEPLOYMENT_TARGET = 16.6;
				LD_RUNPATH_SEARCH_PATHS = (
					"$(inherited)",
					"@executable_path/Frameworks",
				);
				MARKETING_VERSION = 1.0.2;
				PRODUCT_BUNDLE_IDENTIFIER = com.hishd.skywizard;
				PRODUCT_NAME = "$(TARGET_NAME)";
				SWIFT_EMIT_LOC_STRINGS = YES;
				SWIFT_VERSION = 5.0;
				TARGETED_DEVICE_FAMILY = "1,2";
			};
			name = Debug;
		};
		FD32A9E92CB446D1002B8706 /* Release */ = {
			isa = XCBuildConfiguration;
			buildSettings = {
				ASSETCATALOG_COMPILER_APPICON_NAME = AppIcon;
				ASSETCATALOG_COMPILER_GLOBAL_ACCENT_COLOR_NAME = AccentColor;
				CODE_SIGN_IDENTITY = "Apple Development";
				CODE_SIGN_STYLE = Automatic;
				CURRENT_PROJECT_VERSION = 4;
				DEVELOPMENT_ASSET_PATHS = "\"SkyWizard-SwiftUI/Other/Preview Content\"";
				DEVELOPMENT_TEAM = ZMV4XYT773;
				ENABLE_PREVIEWS = YES;
				GENERATE_INFOPLIST_FILE = YES;
				INFOPLIST_FILE = "SkyWizard-SwiftUI/Info.plist";
				INFOPLIST_KEY_CFBundleDisplayName = "Sky Wizard";
				INFOPLIST_KEY_LSApplicationCategoryType = "public.app-category.entertainment";
				INFOPLIST_KEY_NSLocationWhenInUseUsageDescription = "Sky Wizard needs access to your current location data to fetch weather for your location.";
				INFOPLIST_KEY_UIApplicationSceneManifest_Generation = YES;
				INFOPLIST_KEY_UIApplicationSupportsIndirectInputEvents = YES;
				INFOPLIST_KEY_UILaunchScreen_Generation = YES;
				INFOPLIST_KEY_UIRequiresFullScreen = YES;
				INFOPLIST_KEY_UISupportedInterfaceOrientations = UIInterfaceOrientationPortrait;
				IPHONEOS_DEPLOYMENT_TARGET = 16.6;
				LD_RUNPATH_SEARCH_PATHS = (
					"$(inherited)",
					"@executable_path/Frameworks",
				);
				MARKETING_VERSION = 1.0.2;
				PRODUCT_BUNDLE_IDENTIFIER = com.hishd.skywizard;
				PRODUCT_NAME = "$(TARGET_NAME)";
				PROVISIONING_PROFILE_SPECIFIER = "";
				SWIFT_EMIT_LOC_STRINGS = YES;
				SWIFT_VERSION = 5.0;
				TARGETED_DEVICE_FAMILY = "1,2";
			};
			name = Release;
		};
		FD949A542CDC916900F8CF48 /* Debug */ = {
			isa = XCBuildConfiguration;
			buildSettings = {
				BUNDLE_LOADER = "$(TEST_HOST)";
				CODE_SIGN_STYLE = Automatic;
				CURRENT_PROJECT_VERSION = 1;
				DEVELOPMENT_TEAM = ZMV4XYT773;
				GENERATE_INFOPLIST_FILE = YES;
				MARKETING_VERSION = 1.0;
				PRODUCT_BUNDLE_IDENTIFIER = "com.hishd.SkyWizard-SwiftUITests";
				PRODUCT_NAME = "$(TARGET_NAME)";
				SWIFT_EMIT_LOC_STRINGS = NO;
				SWIFT_VERSION = 5.0;
				TARGETED_DEVICE_FAMILY = "1,2";
				TEST_HOST = "$(BUILT_PRODUCTS_DIR)/SkyWizard-SwiftUI.app/$(BUNDLE_EXECUTABLE_FOLDER_PATH)/SkyWizard-SwiftUI";
			};
			name = Debug;
		};
		FD949A552CDC916900F8CF48 /* Release */ = {
			isa = XCBuildConfiguration;
			buildSettings = {
				BUNDLE_LOADER = "$(TEST_HOST)";
				CODE_SIGN_STYLE = Automatic;
				CURRENT_PROJECT_VERSION = 1;
				DEVELOPMENT_TEAM = ZMV4XYT773;
				GENERATE_INFOPLIST_FILE = YES;
				MARKETING_VERSION = 1.0;
				PRODUCT_BUNDLE_IDENTIFIER = "com.hishd.SkyWizard-SwiftUITests";
				PRODUCT_NAME = "$(TARGET_NAME)";
				SWIFT_EMIT_LOC_STRINGS = NO;
				SWIFT_VERSION = 5.0;
				TARGETED_DEVICE_FAMILY = "1,2";
				TEST_HOST = "$(BUILT_PRODUCTS_DIR)/SkyWizard-SwiftUI.app/$(BUNDLE_EXECUTABLE_FOLDER_PATH)/SkyWizard-SwiftUI";
			};
			name = Release;
		};
/* End XCBuildConfiguration section */

/* Begin XCConfigurationList section */
		FD32A9D42CB446CF002B8706 /* Build configuration list for PBXProject "SkyWizard-SwiftUI" */ = {
			isa = XCConfigurationList;
			buildConfigurations = (
				FD32A9E52CB446D1002B8706 /* Debug */,
				FD32A9E62CB446D1002B8706 /* Release */,
			);
			defaultConfigurationIsVisible = 0;
			defaultConfigurationName = Release;
		};
		FD32A9E72CB446D1002B8706 /* Build configuration list for PBXNativeTarget "SkyWizard-SwiftUI" */ = {
			isa = XCConfigurationList;
			buildConfigurations = (
				FD32A9E82CB446D1002B8706 /* Debug */,
				FD32A9E92CB446D1002B8706 /* Release */,
			);
			defaultConfigurationIsVisible = 0;
			defaultConfigurationName = Release;
		};
		FD949A532CDC916900F8CF48 /* Build configuration list for PBXNativeTarget "SkyWizard-SwiftUITests" */ = {
			isa = XCConfigurationList;
			buildConfigurations = (
				FD949A542CDC916900F8CF48 /* Debug */,
				FD949A552CDC916900F8CF48 /* Release */,
			);
			defaultConfigurationIsVisible = 0;
			defaultConfigurationName = Release;
		};
/* End XCConfigurationList section */

/* Begin XCRemoteSwiftPackageReference section */
		FD8574652CD9C572003D9D29 /* XCRemoteSwiftPackageReference "lottie-spm" */ = {
			isa = XCRemoteSwiftPackageReference;
			repositoryURL = "https://github.com/airbnb/lottie-spm.git";
			requirement = {
				kind = upToNextMajorVersion;
				minimumVersion = 4.5.0;
			};
		};
		FDB65E792CDC4F2600E4A52E /* XCRemoteSwiftPackageReference "NetworkingService" */ = {
			isa = XCRemoteSwiftPackageReference;
			repositoryURL = "https://github.com/hishd/NetworkingService";
			requirement = {
				kind = upToNextMajorVersion;
				minimumVersion = 1.0.4;
			};
		};
		FDB65E7C2CDC4F4E00E4A52E /* XCRemoteSwiftPackageReference "DependencyInjector" */ = {
			isa = XCRemoteSwiftPackageReference;
			repositoryURL = "https://github.com/hishd/DependencyInjector";
			requirement = {
				kind = upToNextMajorVersion;
				minimumVersion = 1.0.0;
			};
		};
/* End XCRemoteSwiftPackageReference section */

/* Begin XCSwiftPackageProductDependency section */
		FD8574662CD9C572003D9D29 /* Lottie */ = {
			isa = XCSwiftPackageProductDependency;
			package = FD8574652CD9C572003D9D29 /* XCRemoteSwiftPackageReference "lottie-spm" */;
			productName = Lottie;
		};
		FDB65E7A2CDC4F2600E4A52E /* NetworkingService */ = {
			isa = XCSwiftPackageProductDependency;
			package = FDB65E792CDC4F2600E4A52E /* XCRemoteSwiftPackageReference "NetworkingService" */;
			productName = NetworkingService;
		};
		FDB65E7D2CDC4F4E00E4A52E /* DependencyInjector */ = {
			isa = XCSwiftPackageProductDependency;
			package = FDB65E7C2CDC4F4E00E4A52E /* XCRemoteSwiftPackageReference "DependencyInjector" */;
			productName = DependencyInjector;
		};
		FDDCB0C12CECF4AD00052822 /* SkyWizardEnum */ = {
			isa = XCSwiftPackageProductDependency;
			productName = SkyWizardEnum;
		};
		FDDCB0C62CECF57500052822 /* SkyWizardModel */ = {
			isa = XCSwiftPackageProductDependency;
			productName = SkyWizardModel;
		};
		FDDCB0CA2CECFB4F00052822 /* SkyWizardService */ = {
			isa = XCSwiftPackageProductDependency;
			productName = SkyWizardService;
		};
/* End XCSwiftPackageProductDependency section */
	};
	rootObject = FD32A9D12CB446CF002B8706 /* Project object */;
}
