// !$*UTF8*$!
{
	archiveVersion = 1;
	classes = {
	};
	objectVersion = 77;
	objects = {

/* Begin PBXBuildFile section */
		FD0841A32CD7202D00604BF3 /* Color+Extensions.swift in Sources */ = {isa = PBXBuildFile; fileRef = FD0841A22CD7202D00604BF3 /* Color+Extensions.swift */; };
		FD0841AB2CD7307900604BF3 /* Montserrat-Light.ttf in Resources */ = {isa = PBXBuildFile; fileRef = FD0841A72CD7307900604BF3 /* Montserrat-Light.ttf */; };
		FD0841AC2CD7307900604BF3 /* Montserrat-Black.ttf in Resources */ = {isa = PBXBuildFile; fileRef = FD0841A52CD7307900604BF3 /* Montserrat-Black.ttf */; };
		FD0841AD2CD7307900604BF3 /* Montserrat-Bold.ttf in Resources */ = {isa = PBXBuildFile; fileRef = FD0841A62CD7307900604BF3 /* Montserrat-Bold.ttf */; };
		FD0841AE2CD7307900604BF3 /* Montserrat-Medium.ttf in Resources */ = {isa = PBXBuildFile; fileRef = FD0841A82CD7307900604BF3 /* Montserrat-Medium.ttf */; };
		FD0841AF2CD7307900604BF3 /* Montserrat-Regular.ttf in Resources */ = {isa = PBXBuildFile; fileRef = FD0841A92CD7307900604BF3 /* Montserrat-Regular.ttf */; };
		FD0841B02CD7307900604BF3 /* Montserrat-SemiBold.ttf in Resources */ = {isa = PBXBuildFile; fileRef = FD0841AA2CD7307900604BF3 /* Montserrat-SemiBold.ttf */; };
		FD0841B32CD732A400604BF3 /* Font+Extensions.swift in Sources */ = {isa = PBXBuildFile; fileRef = FD0841B22CD732A400604BF3 /* Font+Extensions.swift */; };
		FD32A9F12CB4484D002B8706 /* Preview Assets.xcassets in Resources */ = {isa = PBXBuildFile; fileRef = FD32A9EB2CB4484D002B8706 /* Preview Assets.xcassets */; };
		FD32A9F22CB4484D002B8706 /* Assets.xcassets in Resources */ = {isa = PBXBuildFile; fileRef = FD32A9ED2CB4484D002B8706 /* Assets.xcassets */; };
		FD32A9F32CB4484D002B8706 /* ContentView.swift in Sources */ = {isa = PBXBuildFile; fileRef = FD32A9EE2CB4484D002B8706 /* ContentView.swift */; };
		FD32A9F42CB4484D002B8706 /* SkyWizard_SwiftUIApp.swift in Sources */ = {isa = PBXBuildFile; fileRef = FD32A9EF2CB4484D002B8706 /* SkyWizard_SwiftUIApp.swift */; };
/* End PBXBuildFile section */

/* Begin PBXFileReference section */
		FD0841A22CD7202D00604BF3 /* Color+Extensions.swift */ = {isa = PBXFileReference; lastKnownFileType = sourcecode.swift; path = "Color+Extensions.swift"; sourceTree = "<group>"; };
		FD0841A52CD7307900604BF3 /* Montserrat-Black.ttf */ = {isa = PBXFileReference; lastKnownFileType = file; path = "Montserrat-Black.ttf"; sourceTree = "<group>"; };
		FD0841A62CD7307900604BF3 /* Montserrat-Bold.ttf */ = {isa = PBXFileReference; lastKnownFileType = file; path = "Montserrat-Bold.ttf"; sourceTree = "<group>"; };
		FD0841A72CD7307900604BF3 /* Montserrat-Light.ttf */ = {isa = PBXFileReference; lastKnownFileType = file; path = "Montserrat-Light.ttf"; sourceTree = "<group>"; };
		FD0841A82CD7307900604BF3 /* Montserrat-Medium.ttf */ = {isa = PBXFileReference; lastKnownFileType = file; path = "Montserrat-Medium.ttf"; sourceTree = "<group>"; };
		FD0841A92CD7307900604BF3 /* Montserrat-Regular.ttf */ = {isa = PBXFileReference; lastKnownFileType = file; path = "Montserrat-Regular.ttf"; sourceTree = "<group>"; };
		FD0841AA2CD7307900604BF3 /* Montserrat-SemiBold.ttf */ = {isa = PBXFileReference; lastKnownFileType = file; path = "Montserrat-SemiBold.ttf"; sourceTree = "<group>"; };
		FD0841B12CD7308E00604BF3 /* Info.plist */ = {isa = PBXFileReference; lastKnownFileType = text.plist; path = Info.plist; sourceTree = "<group>"; };
		FD0841B22CD732A400604BF3 /* Font+Extensions.swift */ = {isa = PBXFileReference; lastKnownFileType = sourcecode.swift; path = "Font+Extensions.swift"; sourceTree = "<group>"; };
		FD32A9D92CB446CF002B8706 /* SkyWizard-SwiftUI.app */ = {isa = PBXFileReference; explicitFileType = wrapper.application; includeInIndex = 0; path = "SkyWizard-SwiftUI.app"; sourceTree = BUILT_PRODUCTS_DIR; };
		FD32A9EB2CB4484D002B8706 /* Preview Assets.xcassets */ = {isa = PBXFileReference; lastKnownFileType = folder.assetcatalog; path = "Preview Assets.xcassets"; sourceTree = "<group>"; };
		FD32A9ED2CB4484D002B8706 /* Assets.xcassets */ = {isa = PBXFileReference; lastKnownFileType = folder.assetcatalog; path = Assets.xcassets; sourceTree = "<group>"; };
		FD32A9EE2CB4484D002B8706 /* ContentView.swift */ = {isa = PBXFileReference; lastKnownFileType = sourcecode.swift; path = ContentView.swift; sourceTree = "<group>"; };
		FD32A9EF2CB4484D002B8706 /* SkyWizard_SwiftUIApp.swift */ = {isa = PBXFileReference; lastKnownFileType = sourcecode.swift; path = SkyWizard_SwiftUIApp.swift; sourceTree = "<group>"; };
/* End PBXFileReference section */

/* Begin PBXFrameworksBuildPhase section */
		FD32A9D62CB446CF002B8706 /* Frameworks */ = {
			isa = PBXFrameworksBuildPhase;
			buildActionMask = 2147483647;
			files = (
			);
			runOnlyForDeploymentPostprocessing = 0;
		};
/* End PBXFrameworksBuildPhase section */

/* Begin PBXGroup section */
		FD0841A42CD7306E00604BF3 /* Fonts */ = {
			isa = PBXGroup;
			children = (
				FD0841A52CD7307900604BF3 /* Montserrat-Black.ttf */,
				FD0841A62CD7307900604BF3 /* Montserrat-Bold.ttf */,
				FD0841A72CD7307900604BF3 /* Montserrat-Light.ttf */,
				FD0841A82CD7307900604BF3 /* Montserrat-Medium.ttf */,
				FD0841A92CD7307900604BF3 /* Montserrat-Regular.ttf */,
				FD0841AA2CD7307900604BF3 /* Montserrat-SemiBold.ttf */,
			);
			path = Fonts;
			sourceTree = "<group>";
		};
		FD32A9D02CB446CF002B8706 = {
			isa = PBXGroup;
			children = (
				FD32A9F02CB4484D002B8706 /* SkyWizard-SwiftUI */,
				FD32A9DA2CB446CF002B8706 /* Products */,
			);
			sourceTree = "<group>";
		};
		FD32A9DA2CB446CF002B8706 /* Products */ = {
			isa = PBXGroup;
			children = (
				FD32A9D92CB446CF002B8706 /* SkyWizard-SwiftUI.app */,
			);
			name = Products;
			sourceTree = "<group>";
		};
		FD32A9EC2CB4484D002B8706 /* Preview Content */ = {
			isa = PBXGroup;
			children = (
				FD32A9EB2CB4484D002B8706 /* Preview Assets.xcassets */,
			);
			path = "Preview Content";
			sourceTree = "<group>";
		};
		FD32A9F02CB4484D002B8706 /* SkyWizard-SwiftUI */ = {
			isa = PBXGroup;
			children = (
				FD0841B12CD7308E00604BF3 /* Info.plist */,
				FD32A9F82CB4494B002B8706 /* Presentation */,
				FD32A9F72CB44947002B8706 /* Data */,
				FD32A9F62CB44943002B8706 /* Util */,
				FD32A9F52CB4493E002B8706 /* Other */,
			);
			path = "SkyWizard-SwiftUI";
			sourceTree = "<group>";
		};
		FD32A9F52CB4493E002B8706 /* Other */ = {
			isa = PBXGroup;
			children = (
				FD0841A42CD7306E00604BF3 /* Fonts */,
				FD32A9EF2CB4484D002B8706 /* SkyWizard_SwiftUIApp.swift */,
				FD32A9ED2CB4484D002B8706 /* Assets.xcassets */,
				FD32A9EC2CB4484D002B8706 /* Preview Content */,
			);
			path = Other;
			sourceTree = "<group>";
		};
		FD32A9F62CB44943002B8706 /* Util */ = {
			isa = PBXGroup;
			children = (
				FD0841A22CD7202D00604BF3 /* Color+Extensions.swift */,
				FD0841B22CD732A400604BF3 /* Font+Extensions.swift */,
			);
			path = Util;
			sourceTree = "<group>";
		};
		FD32A9F72CB44947002B8706 /* Data */ = {
			isa = PBXGroup;
			children = (
			);
			path = Data;
			sourceTree = "<group>";
		};
		FD32A9F82CB4494B002B8706 /* Presentation */ = {
			isa = PBXGroup;
			children = (
				FD32A9EE2CB4484D002B8706 /* ContentView.swift */,
			);
			path = Presentation;
			sourceTree = "<group>";
		};
/* End PBXGroup section */

/* Begin PBXNativeTarget section */
		FD32A9D82CB446CF002B8706 /* SkyWizard-SwiftUI */ = {
			isa = PBXNativeTarget;
			buildConfigurationList = FD32A9E72CB446D1002B8706 /* Build configuration list for PBXNativeTarget "SkyWizard-SwiftUI" */;
			buildPhases = (
				FD32A9D52CB446CF002B8706 /* Sources */,
				FD32A9D62CB446CF002B8706 /* Frameworks */,
				FD32A9D72CB446CF002B8706 /* Resources */,
			);
			buildRules = (
			);
			dependencies = (
			);
			name = "SkyWizard-SwiftUI";
			packageProductDependencies = (
			);
			productName = "SkyWizard-SwiftUI";
			productReference = FD32A9D92CB446CF002B8706 /* SkyWizard-SwiftUI.app */;
			productType = "com.apple.product-type.application";
		};
/* End PBXNativeTarget section */

/* Begin PBXProject section */
		FD32A9D12CB446CF002B8706 /* Project object */ = {
			isa = PBXProject;
			attributes = {
				BuildIndependentTargetsInParallel = 1;
				LastSwiftUpdateCheck = 1600;
				LastUpgradeCheck = 1600;
				TargetAttributes = {
					FD32A9D82CB446CF002B8706 = {
						CreatedOnToolsVersion = 16.0;
					};
				};
			};
			buildConfigurationList = FD32A9D42CB446CF002B8706 /* Build configuration list for PBXProject "SkyWizard-SwiftUI" */;
			developmentRegion = en;
			hasScannedForEncodings = 0;
			knownRegions = (
				en,
				Base,
			);
			mainGroup = FD32A9D02CB446CF002B8706;
			minimizedProjectReferenceProxies = 1;
			preferredProjectObjectVersion = 77;
			productRefGroup = FD32A9DA2CB446CF002B8706 /* Products */;
			projectDirPath = "";
			projectRoot = "";
			targets = (
				FD32A9D82CB446CF002B8706 /* SkyWizard-SwiftUI */,
			);
		};
/* End PBXProject section */

/* Begin PBXResourcesBuildPhase section */
		FD32A9D72CB446CF002B8706 /* Resources */ = {
			isa = PBXResourcesBuildPhase;
			buildActionMask = 2147483647;
			files = (
				FD32A9F12CB4484D002B8706 /* Preview Assets.xcassets in Resources */,
				FD0841AB2CD7307900604BF3 /* Montserrat-Light.ttf in Resources */,
				FD0841AC2CD7307900604BF3 /* Montserrat-Black.ttf in Resources */,
				FD0841AD2CD7307900604BF3 /* Montserrat-Bold.ttf in Resources */,
				FD0841AE2CD7307900604BF3 /* Montserrat-Medium.ttf in Resources */,
				FD0841AF2CD7307900604BF3 /* Montserrat-Regular.ttf in Resources */,
				FD0841B02CD7307900604BF3 /* Montserrat-SemiBold.ttf in Resources */,
				FD32A9F22CB4484D002B8706 /* Assets.xcassets in Resources */,
			);
			runOnlyForDeploymentPostprocessing = 0;
		};
/* End PBXResourcesBuildPhase section */

/* Begin PBXSourcesBuildPhase section */
		FD32A9D52CB446CF002B8706 /* Sources */ = {
			isa = PBXSourcesBuildPhase;
			buildActionMask = 2147483647;
			files = (
				FD32A9F32CB4484D002B8706 /* ContentView.swift in Sources */,
				FD32A9F42CB4484D002B8706 /* SkyWizard_SwiftUIApp.swift in Sources */,
				FD0841B32CD732A400604BF3 /* Font+Extensions.swift in Sources */,
				FD0841A32CD7202D00604BF3 /* Color+Extensions.swift in Sources */,
			);
			runOnlyForDeploymentPostprocessing = 0;
		};
/* End PBXSourcesBuildPhase section */

/* Begin XCBuildConfiguration section */
		FD32A9E52CB446D1002B8706 /* Debug */ = {
			isa = XCBuildConfiguration;
			buildSettings = {
				ALWAYS_SEARCH_USER_PATHS = NO;
				ASSETCATALOG_COMPILER_GENERATE_SWIFT_ASSET_SYMBOL_EXTENSIONS = YES;
				CLANG_ANALYZER_NONNULL = YES;
				CLANG_ANALYZER_NUMBER_OBJECT_CONVERSION = YES_AGGRESSIVE;
				CLANG_CXX_LANGUAGE_STANDARD = "gnu++20";
				CLANG_ENABLE_MODULES = YES;
				CLANG_ENABLE_OBJC_ARC = YES;
				CLANG_ENABLE_OBJC_WEAK = YES;
				CLANG_WARN_BLOCK_CAPTURE_AUTORELEASING = YES;
				CLANG_WARN_BOOL_CONVERSION = YES;
				CLANG_WARN_COMMA = YES;
				CLANG_WARN_CONSTANT_CONVERSION = YES;
				CLANG_WARN_DEPRECATED_OBJC_IMPLEMENTATIONS = YES;
				CLANG_WARN_DIRECT_OBJC_ISA_USAGE = YES_ERROR;
				CLANG_WARN_DOCUMENTATION_COMMENTS = YES;
				CLANG_WARN_EMPTY_BODY = YES;
				CLANG_WARN_ENUM_CONVERSION = YES;
				CLANG_WARN_INFINITE_RECURSION = YES;
				CLANG_WARN_INT_CONVERSION = YES;
				CLANG_WARN_NON_LITERAL_NULL_CONVERSION = YES;
				CLANG_WARN_OBJC_IMPLICIT_RETAIN_SELF = YES;
				CLANG_WARN_OBJC_LITERAL_CONVERSION = YES;
				CLANG_WARN_OBJC_ROOT_CLASS = YES_ERROR;
				CLANG_WARN_QUOTED_INCLUDE_IN_FRAMEWORK_HEADER = YES;
				CLANG_WARN_RANGE_LOOP_ANALYSIS = YES;
				CLANG_WARN_STRICT_PROTOTYPES = YES;
				CLANG_WARN_SUSPICIOUS_MOVE = YES;
				CLANG_WARN_UNGUARDED_AVAILABILITY = YES_AGGRESSIVE;
				CLANG_WARN_UNREACHABLE_CODE = YES;
				CLANG_WARN__DUPLICATE_METHOD_MATCH = YES;
				COPY_PHASE_STRIP = NO;
				DEBUG_INFORMATION_FORMAT = dwarf;
				ENABLE_STRICT_OBJC_MSGSEND = YES;
				ENABLE_TESTABILITY = YES;
				ENABLE_USER_SCRIPT_SANDBOXING = YES;
				GCC_C_LANGUAGE_STANDARD = gnu17;
				GCC_DYNAMIC_NO_PIC = NO;
				GCC_NO_COMMON_BLOCKS = YES;
				GCC_OPTIMIZATION_LEVEL = 0;
				GCC_PREPROCESSOR_DEFINITIONS = (
					"DEBUG=1",
					"$(inherited)",
				);
				GCC_WARN_64_TO_32_BIT_CONVERSION = YES;
				GCC_WARN_ABOUT_RETURN_TYPE = YES_ERROR;
				GCC_WARN_UNDECLARED_SELECTOR = YES;
				GCC_WARN_UNINITIALIZED_AUTOS = YES_AGGRESSIVE;
				GCC_WARN_UNUSED_FUNCTION = YES;
				GCC_WARN_UNUSED_VARIABLE = YES;
				IPHONEOS_DEPLOYMENT_TARGET = 18.0;
				LOCALIZATION_PREFERS_STRING_CATALOGS = YES;
				MTL_ENABLE_DEBUG_INFO = INCLUDE_SOURCE;
				MTL_FAST_MATH = YES;
				ONLY_ACTIVE_ARCH = YES;
				SDKROOT = iphoneos;
				SWIFT_ACTIVE_COMPILATION_CONDITIONS = "DEBUG $(inherited)";
				SWIFT_OPTIMIZATION_LEVEL = "-Onone";
			};
			name = Debug;
		};
		FD32A9E62CB446D1002B8706 /* Release */ = {
			isa = XCBuildConfiguration;
			buildSettings = {
				ALWAYS_SEARCH_USER_PATHS = NO;
				ASSETCATALOG_COMPILER_GENERATE_SWIFT_ASSET_SYMBOL_EXTENSIONS = YES;
				CLANG_ANALYZER_NONNULL = YES;
				CLANG_ANALYZER_NUMBER_OBJECT_CONVERSION = YES_AGGRESSIVE;
				CLANG_CXX_LANGUAGE_STANDARD = "gnu++20";
				CLANG_ENABLE_MODULES = YES;
				CLANG_ENABLE_OBJC_ARC = YES;
				CLANG_ENABLE_OBJC_WEAK = YES;
				CLANG_WARN_BLOCK_CAPTURE_AUTORELEASING = YES;
				CLANG_WARN_BOOL_CONVERSION = YES;
				CLANG_WARN_COMMA = YES;
				CLANG_WARN_CONSTANT_CONVERSION = YES;
				CLANG_WARN_DEPRECATED_OBJC_IMPLEMENTATIONS = YES;
				CLANG_WARN_DIRECT_OBJC_ISA_USAGE = YES_ERROR;
				CLANG_WARN_DOCUMENTATION_COMMENTS = YES;
				CLANG_WARN_EMPTY_BODY = YES;
				CLANG_WARN_ENUM_CONVERSION = YES;
				CLANG_WARN_INFINITE_RECURSION = YES;
				CLANG_WARN_INT_CONVERSION = YES;
				CLANG_WARN_NON_LITERAL_NULL_CONVERSION = YES;
				CLANG_WARN_OBJC_IMPLICIT_RETAIN_SELF = YES;
				CLANG_WARN_OBJC_LITERAL_CONVERSION = YES;
				CLANG_WARN_OBJC_ROOT_CLASS = YES_ERROR;
				CLANG_WARN_QUOTED_INCLUDE_IN_FRAMEWORK_HEADER = YES;
				CLANG_WARN_RANGE_LOOP_ANALYSIS = YES;
				CLANG_WARN_STRICT_PROTOTYPES = YES;
				CLANG_WARN_SUSPICIOUS_MOVE = YES;
				CLANG_WARN_UNGUARDED_AVAILABILITY = YES_AGGRESSIVE;
				CLANG_WARN_UNREACHABLE_CODE = YES;
				CLANG_WARN__DUPLICATE_METHOD_MATCH = YES;
				COPY_PHASE_STRIP = NO;
				DEBUG_INFORMATION_FORMAT = "dwarf-with-dsym";
				ENABLE_NS_ASSERTIONS = NO;
				ENABLE_STRICT_OBJC_MSGSEND = YES;
				ENABLE_USER_SCRIPT_SANDBOXING = YES;
				GCC_C_LANGUAGE_STANDARD = gnu17;
				GCC_NO_COMMON_BLOCKS = YES;
				GCC_WARN_64_TO_32_BIT_CONVERSION = YES;
				GCC_WARN_ABOUT_RETURN_TYPE = YES_ERROR;
				GCC_WARN_UNDECLARED_SELECTOR = YES;
				GCC_WARN_UNINITIALIZED_AUTOS = YES_AGGRESSIVE;
				GCC_WARN_UNUSED_FUNCTION = YES;
				GCC_WARN_UNUSED_VARIABLE = YES;
				IPHONEOS_DEPLOYMENT_TARGET = 18.0;
				LOCALIZATION_PREFERS_STRING_CATALOGS = YES;
				MTL_ENABLE_DEBUG_INFO = NO;
				MTL_FAST_MATH = YES;
				SDKROOT = iphoneos;
				SWIFT_COMPILATION_MODE = wholemodule;
				VALIDATE_PRODUCT = YES;
			};
			name = Release;
		};
		FD32A9E82CB446D1002B8706 /* Debug */ = {
			isa = XCBuildConfiguration;
			buildSettings = {
				ASSETCATALOG_COMPILER_APPICON_NAME = AppIcon;
				ASSETCATALOG_COMPILER_GLOBAL_ACCENT_COLOR_NAME = AccentColor;
				CODE_SIGN_STYLE = Automatic;
				CURRENT_PROJECT_VERSION = 1;
				DEVELOPMENT_ASSET_PATHS = "\"SkyWizard-SwiftUI/Other/Preview Content\"";
				DEVELOPMENT_TEAM = ZMV4XYT773;
				ENABLE_PREVIEWS = YES;
				GENERATE_INFOPLIST_FILE = YES;
				INFOPLIST_FILE = "SkyWizard-SwiftUI/Info.plist";
				INFOPLIST_KEY_CFBundleDisplayName = "Sky Wizard";
				INFOPLIST_KEY_LSApplicationCategoryType = "public.app-category.entertainment";
				INFOPLIST_KEY_UIApplicationSceneManifest_Generation = YES;
				INFOPLIST_KEY_UIApplicationSupportsIndirectInputEvents = YES;
				INFOPLIST_KEY_UILaunchScreen_Generation = YES;
				INFOPLIST_KEY_UIRequiresFullScreen = YES;
				INFOPLIST_KEY_UISupportedInterfaceOrientations = UIInterfaceOrientationPortrait;
				IPHONEOS_DEPLOYMENT_TARGET = 16.6;
				LD_RUNPATH_SEARCH_PATHS = (
					"$(inherited)",
					"@executable_path/Frameworks",
				);
				MARKETING_VERSION = 1.0;
				PRODUCT_BUNDLE_IDENTIFIER = "com.hishd.SkyWizard-SwiftUI";
				PRODUCT_NAME = "$(TARGET_NAME)";
				SWIFT_EMIT_LOC_STRINGS = YES;
				SWIFT_VERSION = 5.0;
				TARGETED_DEVICE_FAMILY = "1,2";
			};
			name = Debug;
		};
		FD32A9E92CB446D1002B8706 /* Release */ = {
			isa = XCBuildConfiguration;
			buildSettings = {
				ASSETCATALOG_COMPILER_APPICON_NAME = AppIcon;
				ASSETCATALOG_COMPILER_GLOBAL_ACCENT_COLOR_NAME = AccentColor;
				CODE_SIGN_STYLE = Automatic;
				CURRENT_PROJECT_VERSION = 1;
				DEVELOPMENT_ASSET_PATHS = "\"SkyWizard-SwiftUI/Other/Preview Content\"";
				DEVELOPMENT_TEAM = ZMV4XYT773;
				ENABLE_PREVIEWS = YES;
				GENERATE_INFOPLIST_FILE = YES;
				INFOPLIST_FILE = "SkyWizard-SwiftUI/Info.plist";
				INFOPLIST_KEY_CFBundleDisplayName = "Sky Wizard";
				INFOPLIST_KEY_LSApplicationCategoryType = "public.app-category.entertainment";
				INFOPLIST_KEY_UIApplicationSceneManifest_Generation = YES;
				INFOPLIST_KEY_UIApplicationSupportsIndirectInputEvents = YES;
				INFOPLIST_KEY_UILaunchScreen_Generation = YES;
				INFOPLIST_KEY_UIRequiresFullScreen = YES;
				INFOPLIST_KEY_UISupportedInterfaceOrientations = UIInterfaceOrientationPortrait;
				IPHONEOS_DEPLOYMENT_TARGET = 16.6;
				LD_RUNPATH_SEARCH_PATHS = (
					"$(inherited)",
					"@executable_path/Frameworks",
				);
				MARKETING_VERSION = 1.0;
				PRODUCT_BUNDLE_IDENTIFIER = "com.hishd.SkyWizard-SwiftUI";
				PRODUCT_NAME = "$(TARGET_NAME)";
				SWIFT_EMIT_LOC_STRINGS = YES;
				SWIFT_VERSION = 5.0;
				TARGETED_DEVICE_FAMILY = "1,2";
			};
			name = Release;
		};
/* End XCBuildConfiguration section */

/* Begin XCConfigurationList section */
		FD32A9D42CB446CF002B8706 /* Build configuration list for PBXProject "SkyWizard-SwiftUI" */ = {
			isa = XCConfigurationList;
			buildConfigurations = (
				FD32A9E52CB446D1002B8706 /* Debug */,
				FD32A9E62CB446D1002B8706 /* Release */,
			);
			defaultConfigurationIsVisible = 0;
			defaultConfigurationName = Release;
		};
		FD32A9E72CB446D1002B8706 /* Build configuration list for PBXNativeTarget "SkyWizard-SwiftUI" */ = {
			isa = XCConfigurationList;
			buildConfigurations = (
				FD32A9E82CB446D1002B8706 /* Debug */,
				FD32A9E92CB446D1002B8706 /* Release */,
			);
			defaultConfigurationIsVisible = 0;
			defaultConfigurationName = Release;
		};
/* End XCConfigurationList section */
	};
	rootObject = FD32A9D12CB446CF002B8706 /* Project object */;
}
