{
  "originHash" : "c3fb198988dbe72921f251ca15c574583cb2548e333c2c1e7ac426ce0dbe67b6",
  "pins" : [
    {
      "identity" : "dependencyinjector",
      "kind" : "remoteSourceControl",
      "location" : "https://github.com/hishd/DependencyInjector",
      "state" : {
        "revision" : "fc409d60cbf3bb76b409bb8cc63453f8df7e852c",
        "version" : "1.0.0"
      }
    },
    {
      "identity" : "lottie-spm",
      "kind" : "remoteSourceControl",
      "location" : "https://github.com/airbnb/lottie-spm.git",
      "state" : {
        "revision" : "b842598f1295f3ffa1475b1580672d1fe5b83580",
        "version" : "4.5.0"
      }
    },
    {
      "identity" : "networkingservice",
      "kind" : "remoteSourceControl",
      "location" : "https://github.com/hishd/NetworkingService",
      "state" : {
        "revision" : "6fca3f2b6303201513d112487e1a0b478046cd03",
        "version" : "1.0.4"
      }
    },
    {
      "identity" : "vortex",
      "kind" : "remoteSourceControl",
      "location" : "https://github.com/twostraws/Vortex",
      "state" : {
        "revision" : "bb48b128d3c13c68c68e83833c622eec9f6c701f",
        "version" : "1.0.1"
      }
    }
  ],
  "version" : 3
}
