{
  "originHash" : "7293155e09ea23cea80aedc50ac03068b34dbf22e0f48cda3fc94608d68aed7b",
  "pins" : [
    {
      "identity" : "dependencyinjector",
      "kind" : "remoteSourceControl",
      "location" : "https://github.com/hishd/DependencyInjector",
      "state" : {
        "revision" : "fc409d60cbf3bb76b409bb8cc63453f8df7e852c",
        "version" : "1.0.0"
      }
    },
    {
      "identity" : "factory",
      "kind" : "remoteSourceControl",
      "location" : "https://github.com/hmlongco/Factory",
      "state" : {
        "revision" : "fb04a8918848e413d3921d346a23bae7f81088d9",
        "version" : "2.4.3"
      }
    },
    {
      "identity" : "lottie-spm",
      "kind" : "remoteSourceControl",
      "location" : "https://github.com/airbnb/lottie-spm.git",
      "state" : {
        "revision" : "b842598f1295f3ffa1475b1580672d1fe5b83580",
        "version" : "4.5.0"
      }
    },
    {
      "identity" : "networkingservice",
      "kind" : "remoteSourceControl",
      "location" : "https://github.com/hishd/NetworkingService",
      "state" : {
        "revision" : "cb6f22ef5e060547c9aa9d46379ffd5ff969583c",
        "version" : "1.0.7"
      }
    }
  ],
  "version" : 3
}
